github.com/guycipher/k4 v1.9.0 h1:sZQfs1fDDI7ljRKZWlBsp8agpIcHg2l0xFTnQYturIo=
github.com/guycipher/k4 v1.9.0/go.mod h1:j1faqUqiDiz9I7Qiu/2l5BjeRzkk/CssoDNm8pG4g8g=
github.com/guycipher/k4 v1.9.4 h1:PEv+qxgGYszWt2mzfQKHXiU7RgwCJEfYdQYWKUR9wPk=
github.com/guycipher/k4 v1.9.4/go.mod h1:nY9tmdEu0jfDmTT2pFVHQhRi0RE5+jsz4Caa9jSub+Y=
