github.com/guycipher/k4 v1.9.1 h1:3ttslx/OKqMexw23BfvIOvtf9MvejIpPGQtFYBIdqnQ=
github.com/guycipher/k4 v1.9.1/go.mod h1:j1faqUqiDiz9I7Qiu/2l5BjeRzkk/CssoDNm8pG4g8g=
github.com/guycipher/k4 v1.9.2 h1:8ijeP2gE87c1uSzPtdy1xxtJWF2TruWEGrmDdVIZKJ8=
github.com/guycipher/k4 v1.9.2/go.mod h1:j1faqUqiDiz9I7Qiu/2l5BjeRzkk/CssoDNm8pG4g8g=
